
Microsoft Visual Studio Solution File, Format Version 12.00
# Visual Studio Version 17
VisualStudioVersion = 17.2.32516.85
MinimumVisualStudioVersion = 10.0.40219.1
Project("{9A19103F-16F7-4668-BE54-9A1E7A4F7556}") = "VL_VendasLanches", "VL_VendasLanches.csproj", "{F7F15D10-5E46-4E95-8A8F-1C4E7FE1D2A0}"
EndProject
Global
	GlobalSection(SolutionConfigurationPlatforms) = preSolution
		Debug|Any CPU = Debug|Any CPU
		Release|Any CPU = Release|Any CPU
	EndGlobalSection
	GlobalSection(ProjectConfigurationPlatforms) = postSolution
		{F7F15D10-5E46-4E95-8A8F-1C4E7FE1D2A0}.Debug|Any CPU.ActiveCfg = Debug|Any CPU
		{F7F15D10-5E46-4E95-8A8F-1C4E7FE1D2A0}.Debug|Any CPU.Build.0 = Debug|Any CPU
		{F7F15D10-5E46-4E95-8A8F-1C4E7FE1D2A0}.Release|Any CPU.ActiveCfg = Release|Any CPU
		{F7F15D10-5E46-4E95-8A8F-1C4E7FE1D2A0}.Release|Any CPU.Build.0 = Release|Any CPU
	EndGlobalSection
	GlobalSection(SolutionProperties) = preSolution
		HideSolutionNode = FALSE
	EndGlobalSection
	GlobalSection(ExtensibilityGlobals) = postSolution
		SolutionGuid = {6C24C2DA-7B49-4172-AF37-1F4885EC6187}
	EndGlobalSection
EndGlobal
